
Microsoft Visual Studio Solution File, Format Version 12.00
# Visual Studio 15
VisualStudioVersion = 15.0.27004.2005
MinimumVisualStudioVersion = 10.0.40219.1
Project("{FAE04EC0-301F-11D3-BF4B-00C04F79EFBC}") = "MultiColor.Android", "MultiColor\MultiColor.Android\MultiColor.Android.csproj", "{1F18E131-D2F0-4435-BE6B-9AFC67AF6CFA}"
EndProject
Project("{FAE04EC0-301F-11D3-BF4B-00C04F79EFBC}") = "MultiColor", "MultiColor\MultiColor\MultiColor.csproj", "{88B098D4-71D6-4AE2-B44A-98E0CE1EE97D}"
EndProject
Project("{FAE04EC0-301F-11D3-BF4B-00C04F79EFBC}") = "MultiColor.UWP", "MultiColor\MultiColor.UWP\MultiColor.UWP.csproj", "{74B4977C-2DB0-484E-B8AD-35CC491214F8}"
EndProject
Project("{FAE04EC0-301F-11D3-BF4B-00C04F79EFBC}") = "MultiColor.iOS", "MultiColor\MultiColor.iOS\MultiColor.iOS.csproj", "{26D654E6-3B40-4807-A8B8-AD2C3324515C}"
EndProject
Global
	GlobalSection(SolutionConfigurationPlatforms) = preSolution
		Ad-Hoc|Any CPU = Ad-Hoc|Any CPU
		Ad-Hoc|ARM = Ad-Hoc|ARM
		Ad-Hoc|iPhone = Ad-Hoc|iPhone
		Ad-Hoc|iPhoneSimulator = Ad-Hoc|iPhoneSimulator
		Ad-Hoc|x64 = Ad-Hoc|x64
		Ad-Hoc|x86 = Ad-Hoc|x86
		AppStore|Any CPU = AppStore|Any CPU
		AppStore|ARM = AppStore|ARM
		AppStore|iPhone = AppStore|iPhone
		AppStore|iPhoneSimulator = AppStore|iPhoneSimulator
		AppStore|x64 = AppStore|x64
		AppStore|x86 = AppStore|x86
		Debug|Any CPU = Debug|Any CPU
		Debug|ARM = Debug|ARM
		Debug|iPhone = Debug|iPhone
		Debug|iPhoneSimulator = Debug|iPhoneSimulator
		Debug|x64 = Debug|x64
		Debug|x86 = Debug|x86
		Release|Any CPU = Release|Any CPU
		Release|ARM = Release|ARM
		Release|iPhone = Release|iPhone
		Release|iPhoneSimulator = Release|iPhoneSimulator
		Release|x64 = Release|x64
		Release|x86 = Release|x86
	EndGlobalSection
	GlobalSection(ProjectConfigurationPlatforms) = postSolution
		{1F18E131-D2F0-4435-BE6B-9AFC67AF6CFA}.Ad-Hoc|Any CPU.ActiveCfg = Release|Any CPU
		{1F18E131-D2F0-4435-BE6B-9AFC67AF6CFA}.Ad-Hoc|Any CPU.Build.0 = Release|Any CPU
		{1F18E131-D2F0-4435-BE6B-9AFC67AF6CFA}.Ad-Hoc|Any CPU.Deploy.0 = Release|Any CPU
		{1F18E131-D2F0-4435-BE6B-9AFC67AF6CFA}.Ad-Hoc|ARM.ActiveCfg = Release|Any CPU
		{1F18E131-D2F0-4435-BE6B-9AFC67AF6CFA}.Ad-Hoc|ARM.Build.0 = Release|Any CPU
		{1F18E131-D2F0-4435-BE6B-9AFC67AF6CFA}.Ad-Hoc|ARM.Deploy.0 = Release|Any CPU
		{1F18E131-D2F0-4435-BE6B-9AFC67AF6CFA}.Ad-Hoc|iPhone.ActiveCfg = Release|Any CPU
		{1F18E131-D2F0-4435-BE6B-9AFC67AF6CFA}.Ad-Hoc|iPhone.Build.0 = Release|Any CPU
		{1F18E131-D2F0-4435-BE6B-9AFC67AF6CFA}.Ad-Hoc|iPhone.Deploy.0 = Release|Any CPU
		{1F18E131-D2F0-4435-BE6B-9AFC67AF6CFA}.Ad-Hoc|iPhoneSimulator.ActiveCfg = Release|Any CPU
		{1F18E131-D2F0-4435-BE6B-9AFC67AF6CFA}.Ad-Hoc|iPhoneSimulator.Build.0 = Release|Any CPU
		{1F18E131-D2F0-4435-BE6B-9AFC67AF6CFA}.Ad-Hoc|iPhoneSimulator.Deploy.0 = Release|Any CPU
		{1F18E131-D2F0-4435-BE6B-9AFC67AF6CFA}.Ad-Hoc|x64.ActiveCfg = Release|Any CPU
		{1F18E131-D2F0-4435-BE6B-9AFC67AF6CFA}.Ad-Hoc|x64.Build.0 = Release|Any CPU
		{1F18E131-D2F0-4435-BE6B-9AFC67AF6CFA}.Ad-Hoc|x64.Deploy.0 = Release|Any CPU
		{1F18E131-D2F0-4435-BE6B-9AFC67AF6CFA}.Ad-Hoc|x86.ActiveCfg = Release|Any CPU
		{1F18E131-D2F0-4435-BE6B-9AFC67AF6CFA}.Ad-Hoc|x86.Build.0 = Release|Any CPU
		{1F18E131-D2F0-4435-BE6B-9AFC67AF6CFA}.Ad-Hoc|x86.Deploy.0 = Release|Any CPU
		{1F18E131-D2F0-4435-BE6B-9AFC67AF6CFA}.AppStore|Any CPU.ActiveCfg = Release|Any CPU
		{1F18E131-D2F0-4435-BE6B-9AFC67AF6CFA}.AppStore|Any CPU.Build.0 = Release|Any CPU
		{1F18E131-D2F0-4435-BE6B-9AFC67AF6CFA}.AppStore|Any CPU.Deploy.0 = Release|Any CPU
		{1F18E131-D2F0-4435-BE6B-9AFC67AF6CFA}.AppStore|ARM.ActiveCfg = Release|Any CPU
		{1F18E131-D2F0-4435-BE6B-9AFC67AF6CFA}.AppStore|ARM.Build.0 = Release|Any CPU
		{1F18E131-D2F0-4435-BE6B-9AFC67AF6CFA}.AppStore|ARM.Deploy.0 = Release|Any CPU
		{1F18E131-D2F0-4435-BE6B-9AFC67AF6CFA}.AppStore|iPhone.ActiveCfg = Release|Any CPU
		{1F18E131-D2F0-4435-BE6B-9AFC67AF6CFA}.AppStore|iPhone.Build.0 = Release|Any CPU
		{1F18E131-D2F0-4435-BE6B-9AFC67AF6CFA}.AppStore|iPhone.Deploy.0 = Release|Any CPU
		{1F18E131-D2F0-4435-BE6B-9AFC67AF6CFA}.AppStore|iPhoneSimulator.ActiveCfg = Release|Any CPU
		{1F18E131-D2F0-4435-BE6B-9AFC67AF6CFA}.AppStore|iPhoneSimulator.Build.0 = Release|Any CPU
		{1F18E131-D2F0-4435-BE6B-9AFC67AF6CFA}.AppStore|iPhoneSimulator.Deploy.0 = Release|Any CPU
		{1F18E131-D2F0-4435-BE6B-9AFC67AF6CFA}.AppStore|x64.ActiveCfg = Release|Any CPU
		{1F18E131-D2F0-4435-BE6B-9AFC67AF6CFA}.AppStore|x64.Build.0 = Release|Any CPU
		{1F18E131-D2F0-4435-BE6B-9AFC67AF6CFA}.AppStore|x64.Deploy.0 = Release|Any CPU
		{1F18E131-D2F0-4435-BE6B-9AFC67AF6CFA}.AppStore|x86.ActiveCfg = Release|Any CPU
		{1F18E131-D2F0-4435-BE6B-9AFC67AF6CFA}.AppStore|x86.Build.0 = Release|Any CPU
		{1F18E131-D2F0-4435-BE6B-9AFC67AF6CFA}.AppStore|x86.Deploy.0 = Release|Any CPU
		{1F18E131-D2F0-4435-BE6B-9AFC67AF6CFA}.Debug|Any CPU.ActiveCfg = Debug|Any CPU
		{1F18E131-D2F0-4435-BE6B-9AFC67AF6CFA}.Debug|Any CPU.Build.0 = Debug|Any CPU
		{1F18E131-D2F0-4435-BE6B-9AFC67AF6CFA}.Debug|Any CPU.Deploy.0 = Debug|Any CPU
		{1F18E131-D2F0-4435-BE6B-9AFC67AF6CFA}.Debug|ARM.ActiveCfg = Debug|Any CPU
		{1F18E131-D2F0-4435-BE6B-9AFC67AF6CFA}.Debug|ARM.Build.0 = Debug|Any CPU
		{1F18E131-D2F0-4435-BE6B-9AFC67AF6CFA}.Debug|ARM.Deploy.0 = Debug|Any CPU
		{1F18E131-D2F0-4435-BE6B-9AFC67AF6CFA}.Debug|iPhone.ActiveCfg = Debug|Any CPU
		{1F18E131-D2F0-4435-BE6B-9AFC67AF6CFA}.Debug|iPhone.Build.0 = Debug|Any CPU
		{1F18E131-D2F0-4435-BE6B-9AFC67AF6CFA}.Debug|iPhone.Deploy.0 = Debug|Any CPU
		{1F18E131-D2F0-4435-BE6B-9AFC67AF6CFA}.Debug|iPhoneSimulator.ActiveCfg = Debug|Any CPU
		{1F18E131-D2F0-4435-BE6B-9AFC67AF6CFA}.Debug|iPhoneSimulator.Build.0 = Debug|Any CPU
		{1F18E131-D2F0-4435-BE6B-9AFC67AF6CFA}.Debug|iPhoneSimulator.Deploy.0 = Debug|Any CPU
		{1F18E131-D2F0-4435-BE6B-9AFC67AF6CFA}.Debug|x64.ActiveCfg = Debug|Any CPU
		{1F18E131-D2F0-4435-BE6B-9AFC67AF6CFA}.Debug|x64.Build.0 = Debug|Any CPU
		{1F18E131-D2F0-4435-BE6B-9AFC67AF6CFA}.Debug|x64.Deploy.0 = Debug|Any CPU
		{1F18E131-D2F0-4435-BE6B-9AFC67AF6CFA}.Debug|x86.ActiveCfg = Debug|Any CPU
		{1F18E131-D2F0-4435-BE6B-9AFC67AF6CFA}.Debug|x86.Build.0 = Debug|Any CPU
		{1F18E131-D2F0-4435-BE6B-9AFC67AF6CFA}.Debug|x86.Deploy.0 = Debug|Any CPU
		{1F18E131-D2F0-4435-BE6B-9AFC67AF6CFA}.Release|Any CPU.ActiveCfg = Release|Any CPU
		{1F18E131-D2F0-4435-BE6B-9AFC67AF6CFA}.Release|Any CPU.Build.0 = Release|Any CPU
		{1F18E131-D2F0-4435-BE6B-9AFC67AF6CFA}.Release|Any CPU.Deploy.0 = Release|Any CPU
		{1F18E131-D2F0-4435-BE6B-9AFC67AF6CFA}.Release|ARM.ActiveCfg = Release|Any CPU
		{1F18E131-D2F0-4435-BE6B-9AFC67AF6CFA}.Release|ARM.Build.0 = Release|Any CPU
		{1F18E131-D2F0-4435-BE6B-9AFC67AF6CFA}.Release|ARM.Deploy.0 = Release|Any CPU
		{1F18E131-D2F0-4435-BE6B-9AFC67AF6CFA}.Release|iPhone.ActiveCfg = Release|Any CPU
		{1F18E131-D2F0-4435-BE6B-9AFC67AF6CFA}.Release|iPhone.Build.0 = Release|Any CPU
		{1F18E131-D2F0-4435-BE6B-9AFC67AF6CFA}.Release|iPhone.Deploy.0 = Release|Any CPU
		{1F18E131-D2F0-4435-BE6B-9AFC67AF6CFA}.Release|iPhoneSimulator.ActiveCfg = Release|Any CPU
		{1F18E131-D2F0-4435-BE6B-9AFC67AF6CFA}.Release|iPhoneSimulator.Build.0 = Release|Any CPU
		{1F18E131-D2F0-4435-BE6B-9AFC67AF6CFA}.Release|iPhoneSimulator.Deploy.0 = Release|Any CPU
		{1F18E131-D2F0-4435-BE6B-9AFC67AF6CFA}.Release|x64.ActiveCfg = Release|Any CPU
		{1F18E131-D2F0-4435-BE6B-9AFC67AF6CFA}.Release|x64.Build.0 = Release|Any CPU
		{1F18E131-D2F0-4435-BE6B-9AFC67AF6CFA}.Release|x64.Deploy.0 = Release|Any CPU
		{1F18E131-D2F0-4435-BE6B-9AFC67AF6CFA}.Release|x86.ActiveCfg = Release|Any CPU
		{1F18E131-D2F0-4435-BE6B-9AFC67AF6CFA}.Release|x86.Build.0 = Release|Any CPU
		{1F18E131-D2F0-4435-BE6B-9AFC67AF6CFA}.Release|x86.Deploy.0 = Release|Any CPU
		{88B098D4-71D6-4AE2-B44A-98E0CE1EE97D}.Ad-Hoc|Any CPU.ActiveCfg = Release|Any CPU
		{88B098D4-71D6-4AE2-B44A-98E0CE1EE97D}.Ad-Hoc|Any CPU.Build.0 = Release|Any CPU
		{88B098D4-71D6-4AE2-B44A-98E0CE1EE97D}.Ad-Hoc|ARM.ActiveCfg = Release|Any CPU
		{88B098D4-71D6-4AE2-B44A-98E0CE1EE97D}.Ad-Hoc|ARM.Build.0 = Release|Any CPU
		{88B098D4-71D6-4AE2-B44A-98E0CE1EE97D}.Ad-Hoc|iPhone.ActiveCfg = Release|Any CPU
		{88B098D4-71D6-4AE2-B44A-98E0CE1EE97D}.Ad-Hoc|iPhone.Build.0 = Release|Any CPU
		{88B098D4-71D6-4AE2-B44A-98E0CE1EE97D}.Ad-Hoc|iPhoneSimulator.ActiveCfg = Release|Any CPU
		{88B098D4-71D6-4AE2-B44A-98E0CE1EE97D}.Ad-Hoc|iPhoneSimulator.Build.0 = Release|Any CPU
		{88B098D4-71D6-4AE2-B44A-98E0CE1EE97D}.Ad-Hoc|x64.ActiveCfg = Release|Any CPU
		{88B098D4-71D6-4AE2-B44A-98E0CE1EE97D}.Ad-Hoc|x64.Build.0 = Release|Any CPU
		{88B098D4-71D6-4AE2-B44A-98E0CE1EE97D}.Ad-Hoc|x86.ActiveCfg = Release|Any CPU
		{88B098D4-71D6-4AE2-B44A-98E0CE1EE97D}.Ad-Hoc|x86.Build.0 = Release|Any CPU
		{88B098D4-71D6-4AE2-B44A-98E0CE1EE97D}.AppStore|Any CPU.ActiveCfg = Release|Any CPU
		{88B098D4-71D6-4AE2-B44A-98E0CE1EE97D}.AppStore|Any CPU.Build.0 = Release|Any CPU
		{88B098D4-71D6-4AE2-B44A-98E0CE1EE97D}.AppStore|ARM.ActiveCfg = Release|Any CPU
		{88B098D4-71D6-4AE2-B44A-98E0CE1EE97D}.AppStore|ARM.Build.0 = Release|Any CPU
		{88B098D4-71D6-4AE2-B44A-98E0CE1EE97D}.AppStore|iPhone.ActiveCfg = Release|Any CPU
		{88B098D4-71D6-4AE2-B44A-98E0CE1EE97D}.AppStore|iPhone.Build.0 = Release|Any CPU
		{88B098D4-71D6-4AE2-B44A-98E0CE1EE97D}.AppStore|iPhoneSimulator.ActiveCfg = Release|Any CPU
		{88B098D4-71D6-4AE2-B44A-98E0CE1EE97D}.AppStore|iPhoneSimulator.Build.0 = Release|Any CPU
		{88B098D4-71D6-4AE2-B44A-98E0CE1EE97D}.AppStore|x64.ActiveCfg = Release|Any CPU
		{88B098D4-71D6-4AE2-B44A-98E0CE1EE97D}.AppStore|x64.Build.0 = Release|Any CPU
		{88B098D4-71D6-4AE2-B44A-98E0CE1EE97D}.AppStore|x86.ActiveCfg = Release|Any CPU
		{88B098D4-71D6-4AE2-B44A-98E0CE1EE97D}.AppStore|x86.Build.0 = Release|Any CPU
		{88B098D4-71D6-4AE2-B44A-98E0CE1EE97D}.Debug|Any CPU.ActiveCfg = Debug|Any CPU
		{88B098D4-71D6-4AE2-B44A-98E0CE1EE97D}.Debug|Any CPU.Build.0 = Debug|Any CPU
		{88B098D4-71D6-4AE2-B44A-98E0CE1EE97D}.Debug|ARM.ActiveCfg = Debug|Any CPU
		{88B098D4-71D6-4AE2-B44A-98E0CE1EE97D}.Debug|ARM.Build.0 = Debug|Any CPU
		{88B098D4-71D6-4AE2-B44A-98E0CE1EE97D}.Debug|iPhone.ActiveCfg = Debug|Any CPU
		{88B098D4-71D6-4AE2-B44A-98E0CE1EE97D}.Debug|iPhone.Build.0 = Debug|Any CPU
		{88B098D4-71D6-4AE2-B44A-98E0CE1EE97D}.Debug|iPhoneSimulator.ActiveCfg = Debug|Any CPU
		{88B098D4-71D6-4AE2-B44A-98E0CE1EE97D}.Debug|iPhoneSimulator.Build.0 = Debug|Any CPU
		{88B098D4-71D6-4AE2-B44A-98E0CE1EE97D}.Debug|x64.ActiveCfg = Debug|Any CPU
		{88B098D4-71D6-4AE2-B44A-98E0CE1EE97D}.Debug|x64.Build.0 = Debug|Any CPU
		{88B098D4-71D6-4AE2-B44A-98E0CE1EE97D}.Debug|x86.ActiveCfg = Debug|Any CPU
		{88B098D4-71D6-4AE2-B44A-98E0CE1EE97D}.Debug|x86.Build.0 = Debug|Any CPU
		{88B098D4-71D6-4AE2-B44A-98E0CE1EE97D}.Release|Any CPU.ActiveCfg = Release|Any CPU
		{88B098D4-71D6-4AE2-B44A-98E0CE1EE97D}.Release|Any CPU.Build.0 = Release|Any CPU
		{88B098D4-71D6-4AE2-B44A-98E0CE1EE97D}.Release|ARM.ActiveCfg = Release|Any CPU
		{88B098D4-71D6-4AE2-B44A-98E0CE1EE97D}.Release|ARM.Build.0 = Release|Any CPU
		{88B098D4-71D6-4AE2-B44A-98E0CE1EE97D}.Release|iPhone.ActiveCfg = Release|Any CPU
		{88B098D4-71D6-4AE2-B44A-98E0CE1EE97D}.Release|iPhone.Build.0 = Release|Any CPU
		{88B098D4-71D6-4AE2-B44A-98E0CE1EE97D}.Release|iPhoneSimulator.ActiveCfg = Release|Any CPU
		{88B098D4-71D6-4AE2-B44A-98E0CE1EE97D}.Release|iPhoneSimulator.Build.0 = Release|Any CPU
		{88B098D4-71D6-4AE2-B44A-98E0CE1EE97D}.Release|x64.ActiveCfg = Release|Any CPU
		{88B098D4-71D6-4AE2-B44A-98E0CE1EE97D}.Release|x64.Build.0 = Release|Any CPU
		{88B098D4-71D6-4AE2-B44A-98E0CE1EE97D}.Release|x86.ActiveCfg = Release|Any CPU
		{88B098D4-71D6-4AE2-B44A-98E0CE1EE97D}.Release|x86.Build.0 = Release|Any CPU
		{74B4977C-2DB0-484E-B8AD-35CC491214F8}.Ad-Hoc|Any CPU.ActiveCfg = Release|x86
		{74B4977C-2DB0-484E-B8AD-35CC491214F8}.Ad-Hoc|Any CPU.Build.0 = Release|x86
		{74B4977C-2DB0-484E-B8AD-35CC491214F8}.Ad-Hoc|Any CPU.Deploy.0 = Release|x86
		{74B4977C-2DB0-484E-B8AD-35CC491214F8}.Ad-Hoc|ARM.ActiveCfg = Release|ARM
		{74B4977C-2DB0-484E-B8AD-35CC491214F8}.Ad-Hoc|ARM.Build.0 = Release|ARM
		{74B4977C-2DB0-484E-B8AD-35CC491214F8}.Ad-Hoc|ARM.Deploy.0 = Release|ARM
		{74B4977C-2DB0-484E-B8AD-35CC491214F8}.Ad-Hoc|iPhone.ActiveCfg = Release|x86
		{74B4977C-2DB0-484E-B8AD-35CC491214F8}.Ad-Hoc|iPhone.Build.0 = Release|x86
		{74B4977C-2DB0-484E-B8AD-35CC491214F8}.Ad-Hoc|iPhone.Deploy.0 = Release|x86
		{74B4977C-2DB0-484E-B8AD-35CC491214F8}.Ad-Hoc|iPhoneSimulator.ActiveCfg = Release|x86
		{74B4977C-2DB0-484E-B8AD-35CC491214F8}.Ad-Hoc|iPhoneSimulator.Build.0 = Release|x86
		{74B4977C-2DB0-484E-B8AD-35CC491214F8}.Ad-Hoc|iPhoneSimulator.Deploy.0 = Release|x86
		{74B4977C-2DB0-484E-B8AD-35CC491214F8}.Ad-Hoc|x64.ActiveCfg = Release|x64
		{74B4977C-2DB0-484E-B8AD-35CC491214F8}.Ad-Hoc|x64.Build.0 = Release|x64
		{74B4977C-2DB0-484E-B8AD-35CC491214F8}.Ad-Hoc|x64.Deploy.0 = Release|x64
		{74B4977C-2DB0-484E-B8AD-35CC491214F8}.Ad-Hoc|x86.ActiveCfg = Release|x86
		{74B4977C-2DB0-484E-B8AD-35CC491214F8}.Ad-Hoc|x86.Build.0 = Release|x86
		{74B4977C-2DB0-484E-B8AD-35CC491214F8}.Ad-Hoc|x86.Deploy.0 = Release|x86
		{74B4977C-2DB0-484E-B8AD-35CC491214F8}.AppStore|Any CPU.ActiveCfg = Release|x86
		{74B4977C-2DB0-484E-B8AD-35CC491214F8}.AppStore|Any CPU.Build.0 = Release|x86
		{74B4977C-2DB0-484E-B8AD-35CC491214F8}.AppStore|Any CPU.Deploy.0 = Release|x86
		{74B4977C-2DB0-484E-B8AD-35CC491214F8}.AppStore|ARM.ActiveCfg = Release|ARM
		{74B4977C-2DB0-484E-B8AD-35CC491214F8}.AppStore|ARM.Build.0 = Release|ARM
		{74B4977C-2DB0-484E-B8AD-35CC491214F8}.AppStore|ARM.Deploy.0 = Release|ARM
		{74B4977C-2DB0-484E-B8AD-35CC491214F8}.AppStore|iPhone.ActiveCfg = Release|x86
		{74B4977C-2DB0-484E-B8AD-35CC491214F8}.AppStore|iPhone.Build.0 = Release|x86
		{74B4977C-2DB0-484E-B8AD-35CC491214F8}.AppStore|iPhone.Deploy.0 = Release|x86
		{74B4977C-2DB0-484E-B8AD-35CC491214F8}.AppStore|iPhoneSimulator.ActiveCfg = Release|x86
		{74B4977C-2DB0-484E-B8AD-35CC491214F8}.AppStore|iPhoneSimulator.Build.0 = Release|x86
		{74B4977C-2DB0-484E-B8AD-35CC491214F8}.AppStore|iPhoneSimulator.Deploy.0 = Release|x86
		{74B4977C-2DB0-484E-B8AD-35CC491214F8}.AppStore|x64.ActiveCfg = Release|x64
		{74B4977C-2DB0-484E-B8AD-35CC491214F8}.AppStore|x64.Build.0 = Release|x64
		{74B4977C-2DB0-484E-B8AD-35CC491214F8}.AppStore|x64.Deploy.0 = Release|x64
		{74B4977C-2DB0-484E-B8AD-35CC491214F8}.AppStore|x86.ActiveCfg = Release|x86
		{74B4977C-2DB0-484E-B8AD-35CC491214F8}.AppStore|x86.Build.0 = Release|x86
		{74B4977C-2DB0-484E-B8AD-35CC491214F8}.AppStore|x86.Deploy.0 = Release|x86
		{74B4977C-2DB0-484E-B8AD-35CC491214F8}.Debug|Any CPU.ActiveCfg = Debug|x86
		{74B4977C-2DB0-484E-B8AD-35CC491214F8}.Debug|ARM.ActiveCfg = Debug|ARM
		{74B4977C-2DB0-484E-B8AD-35CC491214F8}.Debug|ARM.Build.0 = Debug|ARM
		{74B4977C-2DB0-484E-B8AD-35CC491214F8}.Debug|ARM.Deploy.0 = Debug|ARM
		{74B4977C-2DB0-484E-B8AD-35CC491214F8}.Debug|iPhone.ActiveCfg = Debug|x86
		{74B4977C-2DB0-484E-B8AD-35CC491214F8}.Debug|iPhoneSimulator.ActiveCfg = Debug|x86
		{74B4977C-2DB0-484E-B8AD-35CC491214F8}.Debug|x64.ActiveCfg = Debug|x64
		{74B4977C-2DB0-484E-B8AD-35CC491214F8}.Debug|x64.Build.0 = Debug|x64
		{74B4977C-2DB0-484E-B8AD-35CC491214F8}.Debug|x64.Deploy.0 = Debug|x64
		{74B4977C-2DB0-484E-B8AD-35CC491214F8}.Debug|x86.ActiveCfg = Debug|x86
		{74B4977C-2DB0-484E-B8AD-35CC491214F8}.Debug|x86.Build.0 = Debug|x86
		{74B4977C-2DB0-484E-B8AD-35CC491214F8}.Debug|x86.Deploy.0 = Debug|x86
		{74B4977C-2DB0-484E-B8AD-35CC491214F8}.Release|Any CPU.ActiveCfg = Release|x86
		{74B4977C-2DB0-484E-B8AD-35CC491214F8}.Release|ARM.ActiveCfg = Release|ARM
		{74B4977C-2DB0-484E-B8AD-35CC491214F8}.Release|ARM.Build.0 = Release|ARM
		{74B4977C-2DB0-484E-B8AD-35CC491214F8}.Release|ARM.Deploy.0 = Release|ARM
		{74B4977C-2DB0-484E-B8AD-35CC491214F8}.Release|iPhone.ActiveCfg = Release|x86
		{74B4977C-2DB0-484E-B8AD-35CC491214F8}.Release|iPhoneSimulator.ActiveCfg = Release|x86
		{74B4977C-2DB0-484E-B8AD-35CC491214F8}.Release|x64.ActiveCfg = Release|x64
		{74B4977C-2DB0-484E-B8AD-35CC491214F8}.Release|x64.Build.0 = Release|x64
		{74B4977C-2DB0-484E-B8AD-35CC491214F8}.Release|x64.Deploy.0 = Release|x64
		{74B4977C-2DB0-484E-B8AD-35CC491214F8}.Release|x86.ActiveCfg = Release|x86
		{74B4977C-2DB0-484E-B8AD-35CC491214F8}.Release|x86.Build.0 = Release|x86
		{74B4977C-2DB0-484E-B8AD-35CC491214F8}.Release|x86.Deploy.0 = Release|x86
		{26D654E6-3B40-4807-A8B8-AD2C3324515C}.Ad-Hoc|Any CPU.ActiveCfg = Ad-Hoc|iPhoneSimulator
		{26D654E6-3B40-4807-A8B8-AD2C3324515C}.Ad-Hoc|ARM.ActiveCfg = Ad-Hoc|iPhone
		{26D654E6-3B40-4807-A8B8-AD2C3324515C}.Ad-Hoc|iPhone.ActiveCfg = Ad-Hoc|iPhone
		{26D654E6-3B40-4807-A8B8-AD2C3324515C}.Ad-Hoc|iPhone.Build.0 = Ad-Hoc|iPhone
		{26D654E6-3B40-4807-A8B8-AD2C3324515C}.Ad-Hoc|iPhoneSimulator.ActiveCfg = Ad-Hoc|iPhoneSimulator
		{26D654E6-3B40-4807-A8B8-AD2C3324515C}.Ad-Hoc|iPhoneSimulator.Build.0 = Ad-Hoc|iPhoneSimulator
		{26D654E6-3B40-4807-A8B8-AD2C3324515C}.Ad-Hoc|x64.ActiveCfg = Ad-Hoc|iPhone
		{26D654E6-3B40-4807-A8B8-AD2C3324515C}.Ad-Hoc|x86.ActiveCfg = Ad-Hoc|iPhone
		{26D654E6-3B40-4807-A8B8-AD2C3324515C}.AppStore|Any CPU.ActiveCfg = AppStore|iPhoneSimulator
		{26D654E6-3B40-4807-A8B8-AD2C3324515C}.AppStore|ARM.ActiveCfg = AppStore|iPhone
		{26D654E6-3B40-4807-A8B8-AD2C3324515C}.AppStore|iPhone.ActiveCfg = AppStore|iPhone
		{26D654E6-3B40-4807-A8B8-AD2C3324515C}.AppStore|iPhone.Build.0 = AppStore|iPhone
		{26D654E6-3B40-4807-A8B8-AD2C3324515C}.AppStore|iPhoneSimulator.ActiveCfg = AppStore|iPhoneSimulator
		{26D654E6-3B40-4807-A8B8-AD2C3324515C}.AppStore|iPhoneSimulator.Build.0 = AppStore|iPhoneSimulator
		{26D654E6-3B40-4807-A8B8-AD2C3324515C}.AppStore|x64.ActiveCfg = AppStore|iPhone
		{26D654E6-3B40-4807-A8B8-AD2C3324515C}.AppStore|x86.ActiveCfg = AppStore|iPhone
		{26D654E6-3B40-4807-A8B8-AD2C3324515C}.Debug|Any CPU.ActiveCfg = Debug|iPhoneSimulator
		{26D654E6-3B40-4807-A8B8-AD2C3324515C}.Debug|ARM.ActiveCfg = Debug|iPhone
		{26D654E6-3B40-4807-A8B8-AD2C3324515C}.Debug|iPhone.ActiveCfg = Debug|iPhone
		{26D654E6-3B40-4807-A8B8-AD2C3324515C}.Debug|iPhone.Build.0 = Debug|iPhone
		{26D654E6-3B40-4807-A8B8-AD2C3324515C}.Debug|iPhoneSimulator.ActiveCfg = Debug|iPhoneSimulator
		{26D654E6-3B40-4807-A8B8-AD2C3324515C}.Debug|iPhoneSimulator.Build.0 = Debug|iPhoneSimulator
		{26D654E6-3B40-4807-A8B8-AD2C3324515C}.Debug|x64.ActiveCfg = Debug|iPhone
		{26D654E6-3B40-4807-A8B8-AD2C3324515C}.Debug|x86.ActiveCfg = Debug|iPhone
		{26D654E6-3B40-4807-A8B8-AD2C3324515C}.Release|Any CPU.ActiveCfg = Release|iPhoneSimulator
		{26D654E6-3B40-4807-A8B8-AD2C3324515C}.Release|ARM.ActiveCfg = Release|iPhone
		{26D654E6-3B40-4807-A8B8-AD2C3324515C}.Release|iPhone.ActiveCfg = Release|iPhone
		{26D654E6-3B40-4807-A8B8-AD2C3324515C}.Release|iPhone.Build.0 = Release|iPhone
		{26D654E6-3B40-4807-A8B8-AD2C3324515C}.Release|iPhoneSimulator.ActiveCfg = Release|iPhoneSimulator
		{26D654E6-3B40-4807-A8B8-AD2C3324515C}.Release|iPhoneSimulator.Build.0 = Release|iPhoneSimulator
		{26D654E6-3B40-4807-A8B8-AD2C3324515C}.Release|x64.ActiveCfg = Release|iPhone
		{26D654E6-3B40-4807-A8B8-AD2C3324515C}.Release|x86.ActiveCfg = Release|iPhone
	EndGlobalSection
	GlobalSection(SolutionProperties) = preSolution
		HideSolutionNode = FALSE
	EndGlobalSection
	GlobalSection(ExtensibilityGlobals) = postSolution
		SolutionGuid = {0E8CE1EA-0F44-415C-A101-40E47474F13F}
	EndGlobalSection
EndGlobal
